
Microsoft Visual Studio Solution File, Format Version 12.00
# Visual Studio Version 16
VisualStudioVersion = 16.0.34601.136
MinimumVisualStudioVersion = 10.0.40219.1
Project("{8BC9CEB8-8B4A-11D0-8D11-00A0C91BC942}") = "second_lab", "second_lab.vcxproj", "{82220108-B99D-414E-9867-230982C4887B}"
EndProject
Global
	GlobalSection(SolutionConfigurationPlatforms) = preSolution
		Debug|x64 = Debug|x64
		Debug|x86 = Debug|x86
		Release|x64 = Release|x64
		Release|x86 = Release|x86
	EndGlobalSection
	GlobalSection(ProjectConfigurationPlatforms) = postSolution
		{82220108-B99D-414E-9867-230982C4887B}.Debug|x64.ActiveCfg = Debug|x64
		{82220108-B99D-414E-9867-230982C4887B}.Debug|x64.Build.0 = Debug|x64
		{82220108-B99D-414E-9867-230982C4887B}.Debug|x86.ActiveCfg = Debug|Win32
		{82220108-B99D-414E-9867-230982C4887B}.Debug|x86.Build.0 = Debug|Win32
		{82220108-B99D-414E-9867-230982C4887B}.Release|x64.ActiveCfg = Release|x64
		{82220108-B99D-414E-9867-230982C4887B}.Release|x64.Build.0 = Release|x64
		{82220108-B99D-414E-9867-230982C4887B}.Release|x86.ActiveCfg = Release|Win32
		{82220108-B99D-414E-9867-230982C4887B}.Release|x86.Build.0 = Release|Win32
	EndGlobalSection
	GlobalSection(SolutionProperties) = preSolution
		HideSolutionNode = FALSE
	EndGlobalSection
	GlobalSection(ExtensibilityGlobals) = postSolution
		SolutionGuid = {36D139CB-1ACF-4D97-B039-6D94753749AA}
	EndGlobalSection
EndGlobal
